// !$*UTF8*$!
{
	archiveVersion = 1;
	classes = {
	};
	objectVersion = 77;
	objects = {

/* Begin PBXBuildFile section */
		0C70D22D2DDB5EE500F52617 /* GoogleSignIn in Frameworks */ = {isa = PBXBuildFile; productRef = 0C70D22C2DDB5EE500F52617 /* GoogleSignIn */; };
		0C70D22F2DDB5EE500F52617 /* GoogleSignInSwift in Frameworks */ = {isa = PBXBuildFile; productRef = 0C70D22E2DDB5EE500F52617 /* GoogleSignInSwift */; };
		0C73054A2DD29F00002F3FBA /* Lottie in Frameworks */ = {isa = PBXBuildFile; productRef = 0C7305492DD29F00002F3FBA /* Lottie */; };
		0CA141DC2DCC1766005B771A /* FirebaseAnalytics in Frameworks */ = {isa = PBXBuildFile; productRef = 0CA141DB2DCC1766005B771A /* FirebaseAnalytics */; };
		0CA141DE2DCC1766005B771A /* FirebaseAuth in Frameworks */ = {isa = PBXBuildFile; productRef = 0CA141DD2DCC1766005B771A /* FirebaseAuth */; };
		0CA141E02DCC1766005B771A /* FirebaseFirestore in Frameworks */ = {isa = PBXBuildFile; productRef = 0CA141DF2DCC1766005B771A /* FirebaseFirestore */; };
		0CA141E22DCC1766005B771A /* FirebaseStorage in Frameworks */ = {isa = PBXBuildFile; productRef = 0CA141E12DCC1766005B771A /* FirebaseStorage */; };
/* End PBXBuildFile section */

/* Begin PBXContainerItemProxy section */
		0C96DBAF2DB2DD840009E2EF /* PBXContainerItemProxy */ = {
			isa = PBXContainerItemProxy;
			containerPortal = 0C96DB912DB2DD830009E2EF /* Project object */;
			proxyType = 1;
			remoteGlobalIDString = 0C96DB982DB2DD830009E2EF;
			remoteInfo = PomodoroApp;
		};
		0C96DBB92DB2DD840009E2EF /* PBXContainerItemProxy */ = {
			isa = PBXContainerItemProxy;
			containerPortal = 0C96DB912DB2DD830009E2EF /* Project object */;
			proxyType = 1;
			remoteGlobalIDString = 0C96DB982DB2DD830009E2EF;
			remoteInfo = PomodoroApp;
		};
/* End PBXContainerItemProxy section */

/* Begin PBXFileReference section */
		0C96DB992DB2DD830009E2EF /* PomodoroApp.app */ = {isa = PBXFileReference; explicitFileType = wrapper.application; includeInIndex = 0; path = PomodoroApp.app; sourceTree = BUILT_PRODUCTS_DIR; };
		0C96DBAE2DB2DD840009E2EF /* PomodoroAppTests.xctest */ = {isa = PBXFileReference; explicitFileType = wrapper.cfbundle; includeInIndex = 0; path = PomodoroAppTests.xctest; sourceTree = BUILT_PRODUCTS_DIR; };
		0C96DBB82DB2DD840009E2EF /* PomodoroAppUITests.xctest */ = {isa = PBXFileReference; explicitFileType = wrapper.cfbundle; includeInIndex = 0; path = PomodoroAppUITests.xctest; sourceTree = BUILT_PRODUCTS_DIR; };
/* End PBXFileReference section */

/* Begin PBXFileSystemSynchronizedBuildFileExceptionSet section */
		0C96DBEB2DB2E2990009E2EF /* Exceptions for "PomodoroApp" folder in "PomodoroApp" target */ = {
			isa = PBXFileSystemSynchronizedBuildFileExceptionSet;
			membershipExceptions = (
				Info.plist,
				Tests/UI/PomodoroAppUITests.swift,
				Tests/UI/PomodoroAppUITestsLaunchTests.swift,
				Tests/Unit/PomodoroAppTests.swift,
			);
			target = 0C96DB982DB2DD830009E2EF /* PomodoroApp */;
		};
		0C96DBEC2DB2E2990009E2EF /* Exceptions for "PomodoroApp" folder in "PomodoroAppTests" target */ = {
			isa = PBXFileSystemSynchronizedBuildFileExceptionSet;
			membershipExceptions = (
				Tests/Unit/PomodoroAppTests.swift,
			);
			target = 0C96DBAD2DB2DD840009E2EF /* PomodoroAppTests */;
		};
		0C96DBED2DB2E2A00009E2EF /* Exceptions for "PomodoroApp" folder in "PomodoroAppUITests" target */ = {
			isa = PBXFileSystemSynchronizedBuildFileExceptionSet;
			membershipExceptions = (
				Tests/UI/PomodoroAppUITests.swift,
				Tests/UI/PomodoroAppUITestsLaunchTests.swift,
			);
			target = 0C96DBB72DB2DD840009E2EF /* PomodoroAppUITests */;
		};
/* End PBXFileSystemSynchronizedBuildFileExceptionSet section */

/* Begin PBXFileSystemSynchronizedRootGroup section */
		0C96DB9B2DB2DD830009E2EF /* PomodoroApp */ = {
			isa = PBXFileSystemSynchronizedRootGroup;
			exceptions = (
				0C96DBEB2DB2E2990009E2EF /* Exceptions for "PomodoroApp" folder in "PomodoroApp" target */,
				0C96DBEC2DB2E2990009E2EF /* Exceptions for "PomodoroApp" folder in "PomodoroAppTests" target */,
				0C96DBED2DB2E2A00009E2EF /* Exceptions for "PomodoroApp" folder in "PomodoroAppUITests" target */,
			);
			path = PomodoroApp;
			sourceTree = "<group>";
		};
		0C96DBB12DB2DD840009E2EF /* PomodoroAppTests */ = {
			isa = PBXFileSystemSynchronizedRootGroup;
			path = PomodoroAppTests;
			sourceTree = "<group>";
		};
		0C96DBBB2DB2DD840009E2EF /* PomodoroAppUITests */ = {
			isa = PBXFileSystemSynchronizedRootGroup;
			path = PomodoroAppUITests;
			sourceTree = "<group>";
		};
/* End PBXFileSystemSynchronizedRootGroup section */

/* Begin PBXFrameworksBuildPhase section */
		0C96DB962DB2DD830009E2EF /* Frameworks */ = {
			isa = PBXFrameworksBuildPhase;
			buildActionMask = 2147483647;
			files = (
				0C73054A2DD29F00002F3FBA /* Lottie in Frameworks */,
				0CA141DC2DCC1766005B771A /* FirebaseAnalytics in Frameworks */,
				0C70D22F2DDB5EE500F52617 /* GoogleSignInSwift in Frameworks */,
				0CA141E22DCC1766005B771A /* FirebaseStorage in Frameworks */,
				0CA141DE2DCC1766005B771A /* FirebaseAuth in Frameworks */,
				0CA141E02DCC1766005B771A /* FirebaseFirestore in Frameworks */,
				0C70D22D2DDB5EE500F52617 /* GoogleSignIn in Frameworks */,
			);
			runOnlyForDeploymentPostprocessing = 0;
		};
		0C96DBAB2DB2DD840009E2EF /* Frameworks */ = {
			isa = PBXFrameworksBuildPhase;
			buildActionMask = 2147483647;
			files = (
			);
			runOnlyForDeploymentPostprocessing = 0;
		};
		0C96DBB52DB2DD840009E2EF /* Frameworks */ = {
			isa = PBXFrameworksBuildPhase;
			buildActionMask = 2147483647;
			files = (
			);
			runOnlyForDeploymentPostprocessing = 0;
		};
/* End PBXFrameworksBuildPhase section */

/* Begin PBXGroup section */
		0C96DB902DB2DD830009E2EF = {
			isa = PBXGroup;
			children = (
				0C96DB9B2DB2DD830009E2EF /* PomodoroApp */,
				0C96DBB12DB2DD840009E2EF /* PomodoroAppTests */,
				0C96DBBB2DB2DD840009E2EF /* PomodoroAppUITests */,
				0C96DB9A2DB2DD830009E2EF /* Products */,
			);
			sourceTree = "<group>";
		};
		0C96DB9A2DB2DD830009E2EF /* Products */ = {
			isa = PBXGroup;
			children = (
				0C96DB992DB2DD830009E2EF /* PomodoroApp.app */,
				0C96DBAE2DB2DD840009E2EF /* PomodoroAppTests.xctest */,
				0C96DBB82DB2DD840009E2EF /* PomodoroAppUITests.xctest */,
			);
			name = Products;
			sourceTree = "<group>";
		};
/* End PBXGroup section */

/* Begin PBXNativeTarget section */
		0C96DB982DB2DD830009E2EF /* PomodoroApp */ = {
			isa = PBXNativeTarget;
			buildConfigurationList = 0C96DBC22DB2DD840009E2EF /* Build configuration list for PBXNativeTarget "PomodoroApp" */;
			buildPhases = (
				0C96DB952DB2DD830009E2EF /* Sources */,
				0C96DB962DB2DD830009E2EF /* Frameworks */,
				0C96DB972DB2DD830009E2EF /* Resources */,
			);
			buildRules = (
			);
			dependencies = (
			);
			fileSystemSynchronizedGroups = (
				0C96DB9B2DB2DD830009E2EF /* PomodoroApp */,
			);
			name = PomodoroApp;
			packageProductDependencies = (
				0CA141DB2DCC1766005B771A /* FirebaseAnalytics */,
				0CA141DD2DCC1766005B771A /* FirebaseAuth */,
				0CA141DF2DCC1766005B771A /* FirebaseFirestore */,
				0CA141E12DCC1766005B771A /* FirebaseStorage */,
				0C7305492DD29F00002F3FBA /* Lottie */,
				0C70D22C2DDB5EE500F52617 /* GoogleSignIn */,
				0C70D22E2DDB5EE500F52617 /* GoogleSignInSwift */,
			);
			productName = PomodoroApp;
			productReference = 0C96DB992DB2DD830009E2EF /* PomodoroApp.app */;
			productType = "com.apple.product-type.application";
		};
		0C96DBAD2DB2DD840009E2EF /* PomodoroAppTests */ = {
			isa = PBXNativeTarget;
			buildConfigurationList = 0C96DBC52DB2DD840009E2EF /* Build configuration list for PBXNativeTarget "PomodoroAppTests" */;
			buildPhases = (
				0C96DBAA2DB2DD840009E2EF /* Sources */,
				0C96DBAB2DB2DD840009E2EF /* Frameworks */,
				0C96DBAC2DB2DD840009E2EF /* Resources */,
			);
			buildRules = (
			);
			dependencies = (
				0C96DBB02DB2DD840009E2EF /* PBXTargetDependency */,
			);
			fileSystemSynchronizedGroups = (
				0C96DBB12DB2DD840009E2EF /* PomodoroAppTests */,
			);
			name = PomodoroAppTests;
			packageProductDependencies = (
			);
			productName = PomodoroAppTests;
			productReference = 0C96DBAE2DB2DD840009E2EF /* PomodoroAppTests.xctest */;
			productType = "com.apple.product-type.bundle.unit-test";
		};
		0C96DBB72DB2DD840009E2EF /* PomodoroAppUITests */ = {
			isa = PBXNativeTarget;
			buildConfigurationList = 0C96DBC82DB2DD840009E2EF /* Build configuration list for PBXNativeTarget "PomodoroAppUITests" */;
			buildPhases = (
				0C96DBB42DB2DD840009E2EF /* Sources */,
				0C96DBB52DB2DD840009E2EF /* Frameworks */,
				0C96DBB62DB2DD840009E2EF /* Resources */,
			);
			buildRules = (
			);
			dependencies = (
				0C96DBBA2DB2DD840009E2EF /* PBXTargetDependency */,
			);
			fileSystemSynchronizedGroups = (
				0C96DBBB2DB2DD840009E2EF /* PomodoroAppUITests */,
			);
			name = PomodoroAppUITests;
			packageProductDependencies = (
			);
			productName = PomodoroAppUITests;
			productReference = 0C96DBB82DB2DD840009E2EF /* PomodoroAppUITests.xctest */;
			productType = "com.apple.product-type.bundle.ui-testing";
		};
/* End PBXNativeTarget section */

/* Begin PBXProject section */
		0C96DB912DB2DD830009E2EF /* Project object */ = {
			isa = PBXProject;
			attributes = {
				BuildIndependentTargetsInParallel = 1;
				LastSwiftUpdateCheck = 1620;
				LastUpgradeCheck = 1620;
				TargetAttributes = {
					0C96DB982DB2DD830009E2EF = {
						CreatedOnToolsVersion = 16.2;
					};
					0C96DBAD2DB2DD840009E2EF = {
						CreatedOnToolsVersion = 16.2;
						TestTargetID = 0C96DB982DB2DD830009E2EF;
					};
					0C96DBB72DB2DD840009E2EF = {
						CreatedOnToolsVersion = 16.2;
						TestTargetID = 0C96DB982DB2DD830009E2EF;
					};
				};
			};
			buildConfigurationList = 0C96DB942DB2DD830009E2EF /* Build configuration list for PBXProject "PomodoroApp" */;
			developmentRegion = en;
			hasScannedForEncodings = 0;
			knownRegions = (
				en,
				Base,
				tr,
			);
			mainGroup = 0C96DB902DB2DD830009E2EF;
			minimizedProjectReferenceProxies = 1;
			packageReferences = (
				0CA141DA2DCC1766005B771A /* XCRemoteSwiftPackageReference "firebase-ios-sdk" */,
				0C7305482DD29F00002F3FBA /* XCRemoteSwiftPackageReference "lottie-spm" */,
				0C70D22B2DDB5EE500F52617 /* XCRemoteSwiftPackageReference "GoogleSignIn-iOS" */,
			);
			preferredProjectObjectVersion = 77;
			productRefGroup = 0C96DB9A2DB2DD830009E2EF /* Products */;
			projectDirPath = "";
			projectRoot = "";
			targets = (
				0C96DB982DB2DD830009E2EF /* PomodoroApp */,
				0C96DBAD2DB2DD840009E2EF /* PomodoroAppTests */,
				0C96DBB72DB2DD840009E2EF /* PomodoroAppUITests */,
			);
		};
/* End PBXProject section */

/* Begin PBXResourcesBuildPhase section */
		0C96DB972DB2DD830009E2EF /* Resources */ = {
			isa = PBXResourcesBuildPhase;
			buildActionMask = 2147483647;
			files = (
			);
			runOnlyForDeploymentPostprocessing = 0;
		};
		0C96DBAC2DB2DD840009E2EF /* Resources */ = {
			isa = PBXResourcesBuildPhase;
			buildActionMask = 2147483647;
			files = (
			);
			runOnlyForDeploymentPostprocessing = 0;
		};
		0C96DBB62DB2DD840009E2EF /* Resources */ = {
			isa = PBXResourcesBuildPhase;
			buildActionMask = 2147483647;
			files = (
			);
			runOnlyForDeploymentPostprocessing = 0;
		};
/* End PBXResourcesBuildPhase section */

/* Begin PBXSourcesBuildPhase section */
		0C96DB952DB2DD830009E2EF /* Sources */ = {
			isa = PBXSourcesBuildPhase;
			buildActionMask = 2147483647;
			files = (
			);
			runOnlyForDeploymentPostprocessing = 0;
		};
		0C96DBAA2DB2DD840009E2EF /* Sources */ = {
			isa = PBXSourcesBuildPhase;
			buildActionMask = 2147483647;
			files = (
			);
			runOnlyForDeploymentPostprocessing = 0;
		};
		0C96DBB42DB2DD840009E2EF /* Sources */ = {
			isa = PBXSourcesBuildPhase;
			buildActionMask = 2147483647;
			files = (
			);
			runOnlyForDeploymentPostprocessing = 0;
		};
/* End PBXSourcesBuildPhase section */

/* Begin PBXTargetDependency section */
		0C96DBB02DB2DD840009E2EF /* PBXTargetDependency */ = {
			isa = PBXTargetDependency;
			target = 0C96DB982DB2DD830009E2EF /* PomodoroApp */;
			targetProxy = 0C96DBAF2DB2DD840009E2EF /* PBXContainerItemProxy */;
		};
		0C96DBBA2DB2DD840009E2EF /* PBXTargetDependency */ = {
			isa = PBXTargetDependency;
			target = 0C96DB982DB2DD830009E2EF /* PomodoroApp */;
			targetProxy = 0C96DBB92DB2DD840009E2EF /* PBXContainerItemProxy */;
		};
/* End PBXTargetDependency section */

/* Begin XCBuildConfiguration section */
		0C96DBC02DB2DD840009E2EF /* Debug */ = {
			isa = XCBuildConfiguration;
			buildSettings = {
				ALWAYS_SEARCH_USER_PATHS = NO;
				ASSETCATALOG_COMPILER_GENERATE_SWIFT_ASSET_SYMBOL_EXTENSIONS = YES;
				CLANG_ANALYZER_NONNULL = YES;
				CLANG_ANALYZER_NUMBER_OBJECT_CONVERSION = YES_AGGRESSIVE;
				CLANG_CXX_LANGUAGE_STANDARD = "gnu++20";
				CLANG_ENABLE_MODULES = YES;
				CLANG_ENABLE_OBJC_ARC = YES;
				CLANG_ENABLE_OBJC_WEAK = YES;
				CLANG_WARN_BLOCK_CAPTURE_AUTORELEASING = YES;
				CLANG_WARN_BOOL_CONVERSION = YES;
				CLANG_WARN_COMMA = YES;
				CLANG_WARN_CONSTANT_CONVERSION = YES;
				CLANG_WARN_DEPRECATED_OBJC_IMPLEMENTATIONS = YES;
				CLANG_WARN_DIRECT_OBJC_ISA_USAGE = YES_ERROR;
				CLANG_WARN_DOCUMENTATION_COMMENTS = YES;
				CLANG_WARN_EMPTY_BODY = YES;
				CLANG_WARN_ENUM_CONVERSION = YES;
				CLANG_WARN_INFINITE_RECURSION = YES;
				CLANG_WARN_INT_CONVERSION = YES;
				CLANG_WARN_NON_LITERAL_NULL_CONVERSION = YES;
				CLANG_WARN_OBJC_IMPLICIT_RETAIN_SELF = YES;
				CLANG_WARN_OBJC_LITERAL_CONVERSION = YES;
				CLANG_WARN_OBJC_ROOT_CLASS = YES_ERROR;
				CLANG_WARN_QUOTED_INCLUDE_IN_FRAMEWORK_HEADER = YES;
				CLANG_WARN_RANGE_LOOP_ANALYSIS = YES;
				CLANG_WARN_STRICT_PROTOTYPES = YES;
				CLANG_WARN_SUSPICIOUS_MOVE = YES;
				CLANG_WARN_UNGUARDED_AVAILABILITY = YES_AGGRESSIVE;
				CLANG_WARN_UNREACHABLE_CODE = YES;
				CLANG_WARN__DUPLICATE_METHOD_MATCH = YES;
				COPY_PHASE_STRIP = NO;
				DEBUG_INFORMATION_FORMAT = dwarf;
				ENABLE_STRICT_OBJC_MSGSEND = YES;
				ENABLE_TESTABILITY = YES;
				ENABLE_USER_SCRIPT_SANDBOXING = YES;
				GCC_C_LANGUAGE_STANDARD = gnu17;
				GCC_DYNAMIC_NO_PIC = NO;
				GCC_NO_COMMON_BLOCKS = YES;
				GCC_OPTIMIZATION_LEVEL = 0;
				GCC_PREPROCESSOR_DEFINITIONS = (
					"DEBUG=1",
					"$(inherited)",
				);
				GCC_WARN_64_TO_32_BIT_CONVERSION = YES;
				GCC_WARN_ABOUT_RETURN_TYPE = YES_ERROR;
				GCC_WARN_UNDECLARED_SELECTOR = YES;
				GCC_WARN_UNINITIALIZED_AUTOS = YES_AGGRESSIVE;
				GCC_WARN_UNUSED_FUNCTION = YES;
				GCC_WARN_UNUSED_VARIABLE = YES;
				IPHONEOS_DEPLOYMENT_TARGET = 18.2;
				LOCALIZATION_PREFERS_STRING_CATALOGS = YES;
				MTL_ENABLE_DEBUG_INFO = INCLUDE_SOURCE;
				MTL_FAST_MATH = YES;
				ONLY_ACTIVE_ARCH = YES;
				SDKROOT = iphoneos;
				SWIFT_ACTIVE_COMPILATION_CONDITIONS = "DEBUG $(inherited)";
				SWIFT_OPTIMIZATION_LEVEL = "-Onone";
			};
			name = Debug;
		};
		0C96DBC12DB2DD840009E2EF /* Release */ = {
			isa = XCBuildConfiguration;
			buildSettings = {
				ALWAYS_SEARCH_USER_PATHS = NO;
				ASSETCATALOG_COMPILER_GENERATE_SWIFT_ASSET_SYMBOL_EXTENSIONS = YES;
				CLANG_ANALYZER_NONNULL = YES;
				CLANG_ANALYZER_NUMBER_OBJECT_CONVERSION = YES_AGGRESSIVE;
				CLANG_CXX_LANGUAGE_STANDARD = "gnu++20";
				CLANG_ENABLE_MODULES = YES;
				CLANG_ENABLE_OBJC_ARC = YES;
				CLANG_ENABLE_OBJC_WEAK = YES;
				CLANG_WARN_BLOCK_CAPTURE_AUTORELEASING = YES;
				CLANG_WARN_BOOL_CONVERSION = YES;
				CLANG_WARN_COMMA = YES;
				CLANG_WARN_CONSTANT_CONVERSION = YES;
				CLANG_WARN_DEPRECATED_OBJC_IMPLEMENTATIONS = YES;
				CLANG_WARN_DIRECT_OBJC_ISA_USAGE = YES_ERROR;
				CLANG_WARN_DOCUMENTATION_COMMENTS = YES;
				CLANG_WARN_EMPTY_BODY = YES;
				CLANG_WARN_ENUM_CONVERSION = YES;
				CLANG_WARN_INFINITE_RECURSION = YES;
				CLANG_WARN_INT_CONVERSION = YES;
				CLANG_WARN_NON_LITERAL_NULL_CONVERSION = YES;
				CLANG_WARN_OBJC_IMPLICIT_RETAIN_SELF = YES;
				CLANG_WARN_OBJC_LITERAL_CONVERSION = YES;
				CLANG_WARN_OBJC_ROOT_CLASS = YES_ERROR;
				CLANG_WARN_QUOTED_INCLUDE_IN_FRAMEWORK_HEADER = YES;
				CLANG_WARN_RANGE_LOOP_ANALYSIS = YES;
				CLANG_WARN_STRICT_PROTOTYPES = YES;
				CLANG_WARN_SUSPICIOUS_MOVE = YES;
				CLANG_WARN_UNGUARDED_AVAILABILITY = YES_AGGRESSIVE;
				CLANG_WARN_UNREACHABLE_CODE = YES;
				CLANG_WARN__DUPLICATE_METHOD_MATCH = YES;
				COPY_PHASE_STRIP = NO;
				DEBUG_INFORMATION_FORMAT = "dwarf-with-dsym";
				ENABLE_NS_ASSERTIONS = NO;
				ENABLE_STRICT_OBJC_MSGSEND = YES;
				ENABLE_USER_SCRIPT_SANDBOXING = YES;
				GCC_C_LANGUAGE_STANDARD = gnu17;
				GCC_NO_COMMON_BLOCKS = YES;
				GCC_WARN_64_TO_32_BIT_CONVERSION = YES;
				GCC_WARN_ABOUT_RETURN_TYPE = YES_ERROR;
				GCC_WARN_UNDECLARED_SELECTOR = YES;
				GCC_WARN_UNINITIALIZED_AUTOS = YES_AGGRESSIVE;
				GCC_WARN_UNUSED_FUNCTION = YES;
				GCC_WARN_UNUSED_VARIABLE = YES;
				IPHONEOS_DEPLOYMENT_TARGET = 18.2;
				LOCALIZATION_PREFERS_STRING_CATALOGS = YES;
				MTL_ENABLE_DEBUG_INFO = NO;
				MTL_FAST_MATH = YES;
				SDKROOT = iphoneos;
				SWIFT_COMPILATION_MODE = wholemodule;
				VALIDATE_PRODUCT = YES;
			};
			name = Release;
		};
		0C96DBC32DB2DD840009E2EF /* Debug */ = {
			isa = XCBuildConfiguration;
			buildSettings = {
				ASSETCATALOG_COMPILER_APPICON_NAME = AppIcon;
				ASSETCATALOG_COMPILER_GLOBAL_ACCENT_COLOR_NAME = AccentColor;
				ASSETCATALOG_COMPILER_INCLUDE_ALL_APPICON_ASSETS = NO;
				CODE_SIGN_STYLE = Automatic;
				CURRENT_PROJECT_VERSION = 1;
				DEVELOPMENT_ASSET_PATHS = "\"PomodoroApp/Preview Content\"";
				DEVELOPMENT_TEAM = 897X57G65R;
				ENABLE_PREVIEWS = YES;
				GENERATE_INFOPLIST_FILE = YES;
				INFOPLIST_FILE = PomodoroApp/Info.plist;
				INFOPLIST_KEY_UIApplicationSceneManifest_Generation = YES;
				INFOPLIST_KEY_UIApplicationSupportsIndirectInputEvents = YES;
				INFOPLIST_KEY_UILaunchScreen_Generation = YES;
				INFOPLIST_KEY_UISupportedInterfaceOrientations_iPad = "UIInterfaceOrientationPortrait UIInterfaceOrientationPortraitUpsideDown UIInterfaceOrientationLandscapeLeft UIInterfaceOrientationLandscapeRight";
				INFOPLIST_KEY_UISupportedInterfaceOrientations_iPhone = "UIInterfaceOrientationPortrait UIInterfaceOrientationLandscapeLeft UIInterfaceOrientationLandscapeRight";
				IPHONEOS_DEPLOYMENT_TARGET = 18.0;
				LD_RUNPATH_SEARCH_PATHS = (
					"$(inherited)",
					"@executable_path/Frameworks",
				);
				MARKETING_VERSION = 1.0.0;
				PRODUCT_BUNDLE_IDENTIFIER = com.mahmutarslan.PomodoroApp;
				PRODUCT_NAME = "$(TARGET_NAME)";
				SWIFT_EMIT_LOC_STRINGS = YES;
				SWIFT_VERSION = 5.0;
				TARGETED_DEVICE_FAMILY = "1,2";
			};
			name = Debug;
		};
		0C96DBC42DB2DD840009E2EF /* Release */ = {
			isa = XCBuildConfiguration;
			buildSettings = {
				ASSETCATALOG_COMPILER_APPICON_NAME = AppIcon;
				ASSETCATALOG_COMPILER_GLOBAL_ACCENT_COLOR_NAME = AccentColor;
				ASSETCATALOG_COMPILER_INCLUDE_ALL_APPICON_ASSETS = NO;
				CODE_SIGN_STYLE = Automatic;
				CURRENT_PROJECT_VERSION = 1;
				DEVELOPMENT_ASSET_PATHS = "\"PomodoroApp/Preview Content\"";
				DEVELOPMENT_TEAM = 897X57G65R;
				ENABLE_PREVIEWS = YES;
				GENERATE_INFOPLIST_FILE = YES;
				INFOPLIST_FILE = PomodoroApp/Info.plist;
				INFOPLIST_KEY_UIApplicationSceneManifest_Generation = YES;
				INFOPLIST_KEY_UIApplicationSupportsIndirectInputEvents = YES;
				INFOPLIST_KEY_UILaunchScreen_Generation = YES;
				INFOPLIST_KEY_UISupportedInterfaceOrientations_iPad = "UIInterfaceOrientationPortrait UIInterfaceOrientationPortraitUpsideDown UIInterfaceOrientationLandscapeLeft UIInterfaceOrientationLandscapeRight";
				INFOPLIST_KEY_UISupportedInterfaceOrientations_iPhone = "UIInterfaceOrientationPortrait UIInterfaceOrientationLandscapeLeft UIInterfaceOrientationLandscapeRight";
				IPHONEOS_DEPLOYMENT_TARGET = 18.0;
				LD_RUNPATH_SEARCH_PATHS = (
					"$(inherited)",
					"@executable_path/Frameworks",
				);
				MARKETING_VERSION = 1.0.0;
				PRODUCT_BUNDLE_IDENTIFIER = com.mahmutarslan.PomodoroApp;
				PRODUCT_NAME = "$(TARGET_NAME)";
				SWIFT_EMIT_LOC_STRINGS = YES;
				SWIFT_VERSION = 5.0;
				TARGETED_DEVICE_FAMILY = "1,2";
			};
			name = Release;
		};
		0C96DBC62DB2DD840009E2EF /* Debug */ = {
			isa = XCBuildConfiguration;
			buildSettings = {
				BUNDLE_LOADER = "$(TEST_HOST)";
				CODE_SIGN_STYLE = Automatic;
				CURRENT_PROJECT_VERSION = 1;
				DEVELOPMENT_TEAM = 897X57G65R;
				GENERATE_INFOPLIST_FILE = YES;
				IPHONEOS_DEPLOYMENT_TARGET = 18.2;
				MARKETING_VERSION = 1.0;
				PRODUCT_BUNDLE_IDENTIFIER = com.mahmutarslan.PomodoroAppTests;
				PRODUCT_NAME = "$(TARGET_NAME)";
				SWIFT_EMIT_LOC_STRINGS = NO;
				SWIFT_VERSION = 5.0;
				TARGETED_DEVICE_FAMILY = "1,2";
				TEST_HOST = "$(BUILT_PRODUCTS_DIR)/PomodoroApp.app/$(BUNDLE_EXECUTABLE_FOLDER_PATH)/PomodoroApp";
			};
			name = Debug;
		};
		0C96DBC72DB2DD840009E2EF /* Release */ = {
			isa = XCBuildConfiguration;
			buildSettings = {
				BUNDLE_LOADER = "$(TEST_HOST)";
				CODE_SIGN_STYLE = Automatic;
				CURRENT_PROJECT_VERSION = 1;
				DEVELOPMENT_TEAM = 897X57G65R;
				GENERATE_INFOPLIST_FILE = YES;
				IPHONEOS_DEPLOYMENT_TARGET = 18.2;
				MARKETING_VERSION = 1.0;
				PRODUCT_BUNDLE_IDENTIFIER = com.mahmutarslan.PomodoroAppTests;
				PRODUCT_NAME = "$(TARGET_NAME)";
				SWIFT_EMIT_LOC_STRINGS = NO;
				SWIFT_VERSION = 5.0;
				TARGETED_DEVICE_FAMILY = "1,2";
				TEST_HOST = "$(BUILT_PRODUCTS_DIR)/PomodoroApp.app/$(BUNDLE_EXECUTABLE_FOLDER_PATH)/PomodoroApp";
			};
			name = Release;
		};
		0C96DBC92DB2DD840009E2EF /* Debug */ = {
			isa = XCBuildConfiguration;
			buildSettings = {
				CODE_SIGN_STYLE = Automatic;
				CURRENT_PROJECT_VERSION = 1;
				DEVELOPMENT_TEAM = 897X57G65R;
				GENERATE_INFOPLIST_FILE = YES;
				MARKETING_VERSION = 1.0;
				PRODUCT_BUNDLE_IDENTIFIER = com.mahmutarslan.PomodoroAppUITests;
				PRODUCT_NAME = "$(TARGET_NAME)";
				SWIFT_EMIT_LOC_STRINGS = NO;
				SWIFT_VERSION = 5.0;
				TARGETED_DEVICE_FAMILY = "1,2";
				TEST_TARGET_NAME = PomodoroApp;
			};
			name = Debug;
		};
		0C96DBCA2DB2DD840009E2EF /* Release */ = {
			isa = XCBuildConfiguration;
			buildSettings = {
				CODE_SIGN_STYLE = Automatic;
				CURRENT_PROJECT_VERSION = 1;
				DEVELOPMENT_TEAM = 897X57G65R;
				GENERATE_INFOPLIST_FILE = YES;
				MARKETING_VERSION = 1.0;
				PRODUCT_BUNDLE_IDENTIFIER = com.mahmutarslan.PomodoroAppUITests;
				PRODUCT_NAME = "$(TARGET_NAME)";
				SWIFT_EMIT_LOC_STRINGS = NO;
				SWIFT_VERSION = 5.0;
				TARGETED_DEVICE_FAMILY = "1,2";
				TEST_TARGET_NAME = PomodoroApp;
			};
			name = Release;
		};
/* End XCBuildConfiguration section */

/* Begin XCConfigurationList section */
		0C96DB942DB2DD830009E2EF /* Build configuration list for PBXProject "PomodoroApp" */ = {
			isa = XCConfigurationList;
			buildConfigurations = (
				0C96DBC02DB2DD840009E2EF /* Debug */,
				0C96DBC12DB2DD840009E2EF /* Release */,
			);
			defaultConfigurationIsVisible = 0;
			defaultConfigurationName = Release;
		};
		0C96DBC22DB2DD840009E2EF /* Build configuration list for PBXNativeTarget "PomodoroApp" */ = {
			isa = XCConfigurationList;
			buildConfigurations = (
				0C96DBC32DB2DD840009E2EF /* Debug */,
				0C96DBC42DB2DD840009E2EF /* Release */,
			);
			defaultConfigurationIsVisible = 0;
			defaultConfigurationName = Release;
		};
		0C96DBC52DB2DD840009E2EF /* Build configuration list for PBXNativeTarget "PomodoroAppTests" */ = {
			isa = XCConfigurationList;
			buildConfigurations = (
				0C96DBC62DB2DD840009E2EF /* Debug */,
				0C96DBC72DB2DD840009E2EF /* Release */,
			);
			defaultConfigurationIsVisible = 0;
			defaultConfigurationName = Release;
		};
		0C96DBC82DB2DD840009E2EF /* Build configuration list for PBXNativeTarget "PomodoroAppUITests" */ = {
			isa = XCConfigurationList;
			buildConfigurations = (
				0C96DBC92DB2DD840009E2EF /* Debug */,
				0C96DBCA2DB2DD840009E2EF /* Release */,
			);
			defaultConfigurationIsVisible = 0;
			defaultConfigurationName = Release;
		};
/* End XCConfigurationList section */

/* Begin XCRemoteSwiftPackageReference section */
		0C70D22B2DDB5EE500F52617 /* XCRemoteSwiftPackageReference "GoogleSignIn-iOS" */ = {
			isa = XCRemoteSwiftPackageReference;
			repositoryURL = "https://github.com/google/GoogleSignIn-iOS.git";
			requirement = {
				kind = upToNextMajorVersion;
				minimumVersion = 8.0.0;
			};
		};
		0C7305482DD29F00002F3FBA /* XCRemoteSwiftPackageReference "lottie-spm" */ = {
			isa = XCRemoteSwiftPackageReference;
			repositoryURL = "https://github.com/airbnb/lottie-spm.git";
			requirement = {
				kind = upToNextMajorVersion;
				minimumVersion = 4.5.1;
			};
		};
		0CA141DA2DCC1766005B771A /* XCRemoteSwiftPackageReference "firebase-ios-sdk" */ = {
			isa = XCRemoteSwiftPackageReference;
			repositoryURL = "https://github.com/firebase/firebase-ios-sdk";
			requirement = {
				kind = upToNextMajorVersion;
				minimumVersion = 11.12.0;
			};
		};
/* End XCRemoteSwiftPackageReference section */

/* Begin XCSwiftPackageProductDependency section */
		0C70D22C2DDB5EE500F52617 /* GoogleSignIn */ = {
			isa = XCSwiftPackageProductDependency;
			package = 0C70D22B2DDB5EE500F52617 /* XCRemoteSwiftPackageReference "GoogleSignIn-iOS" */;
			productName = GoogleSignIn;
		};
		0C70D22E2DDB5EE500F52617 /* GoogleSignInSwift */ = {
			isa = XCSwiftPackageProductDependency;
			package = 0C70D22B2DDB5EE500F52617 /* XCRemoteSwiftPackageReference "GoogleSignIn-iOS" */;
			productName = GoogleSignInSwift;
		};
		0C7305492DD29F00002F3FBA /* Lottie */ = {
			isa = XCSwiftPackageProductDependency;
			package = 0C7305482DD29F00002F3FBA /* XCRemoteSwiftPackageReference "lottie-spm" */;
			productName = Lottie;
		};
		0CA141DB2DCC1766005B771A /* FirebaseAnalytics */ = {
			isa = XCSwiftPackageProductDependency;
			package = 0CA141DA2DCC1766005B771A /* XCRemoteSwiftPackageReference "firebase-ios-sdk" */;
			productName = FirebaseAnalytics;
		};
		0CA141DD2DCC1766005B771A /* FirebaseAuth */ = {
			isa = XCSwiftPackageProductDependency;
			package = 0CA141DA2DCC1766005B771A /* XCRemoteSwiftPackageReference "firebase-ios-sdk" */;
			productName = FirebaseAuth;
		};
		0CA141DF2DCC1766005B771A /* FirebaseFirestore */ = {
			isa = XCSwiftPackageProductDependency;
			package = 0CA141DA2DCC1766005B771A /* XCRemoteSwiftPackageReference "firebase-ios-sdk" */;
			productName = FirebaseFirestore;
		};
		0CA141E12DCC1766005B771A /* FirebaseStorage */ = {
			isa = XCSwiftPackageProductDependency;
			package = 0CA141DA2DCC1766005B771A /* XCRemoteSwiftPackageReference "firebase-ios-sdk" */;
			productName = FirebaseStorage;
		};
/* End XCSwiftPackageProductDependency section */
	};
	rootObject = 0C96DB912DB2DD830009E2EF /* Project object */;
}
